
Microsoft Visual Studio Solution File, Format Version 12.00
# Visual Studio Version 17
VisualStudioVersion = 17.8.34511.84
MinimumVisualStudioVersion = 10.0.40219.1
Project("{FAE04EC0-301F-11D3-BF4B-00C04F79EFBC}") = "Cars", "Cars.csproj", "{AD0B19EB-3700-41EE-8A5E-88BF9E5012A5}"
EndProject
Global
	GlobalSection(SolutionConfigurationPlatforms) = preSolution
		Debug|Any CPU = Debug|Any CPU
		Release|Any CPU = Release|Any CPU
	EndGlobalSection
	GlobalSection(ProjectConfigurationPlatforms) = postSolution
		{AD0B19EB-3700-41EE-8A5E-88BF9E5012A5}.Debug|Any CPU.ActiveCfg = Debug|Any CPU
		{AD0B19EB-3700-41EE-8A5E-88BF9E5012A5}.Debug|Any CPU.Build.0 = Debug|Any CPU
		{AD0B19EB-3700-41EE-8A5E-88BF9E5012A5}.Release|Any CPU.ActiveCfg = Release|Any CPU
		{AD0B19EB-3700-41EE-8A5E-88BF9E5012A5}.Release|Any CPU.Build.0 = Release|Any CPU
	EndGlobalSection
	GlobalSection(SolutionProperties) = preSolution
		HideSolutionNode = FALSE
	EndGlobalSection
	GlobalSection(ExtensibilityGlobals) = postSolution
		SolutionGuid = {22D13EFA-43DB-44E5-9D73-0293735F3F8A}
	EndGlobalSection
EndGlobal
